<Solution>
  <Folder Name="/solution/">
    <File Path="CONTRIBUTING.md" />
    <File Path="LICENSE" />
    <File Path="README.md" />
    <File Path=".gitignore" />
    <File Path=".editorconfig" />
  </Folder>
  <Folder Name="/src/">
    <Project Path="src\dotValid\dotValid.csproj" Type="Classic C#" />
  </Folder>
  <Folder Name="/tests/">
    <Project Path="tests\dotValid.Tests.Unit\dotValid.Tests.Unit.csproj" Type="Classic C#" />
  </Folder>
</Solution>